
Microsoft Visual Studio Solution File, Format Version 12.00
# Visual Studio Version 17
VisualStudioVersion = 17.3.32922.545
MinimumVisualStudioVersion = 10.0.40219.1
Project("{FAE04EC0-301F-11D3-BF4B-00C04F79EFBC}") = "thsearch", "thsearch.csproj", "{A53E679B-3D3C-42E2-AE0E-D4684E44A75A}"
EndProject
Project("{FAE04EC0-301F-11D3-BF4B-00C04F79EFBC}") = "thsearch.Tests", "thsearch.Tests\thsearch.Tests.csproj", "{55AFBB94-07E8-43F5-9C17-AB8F540AA0C8}"
EndProject
Global
	GlobalSection(SolutionConfigurationPlatforms) = preSolution
		Debug|Any CPU = Debug|Any CPU
		Release|Any CPU = Release|Any CPU
	EndGlobalSection
	GlobalSection(ProjectConfigurationPlatforms) = postSolution
		{A53E679B-3D3C-42E2-AE0E-D4684E44A75A}.Debug|Any CPU.ActiveCfg = Debug|Any CPU
		{A53E679B-3D3C-42E2-AE0E-D4684E44A75A}.Debug|Any CPU.Build.0 = Debug|Any CPU
		{A53E679B-3D3C-42E2-AE0E-D4684E44A75A}.Release|Any CPU.ActiveCfg = Release|Any CPU
		{A53E679B-3D3C-42E2-AE0E-D4684E44A75A}.Release|Any CPU.Build.0 = Release|Any CPU
		{55AFBB94-07E8-43F5-9C17-AB8F540AA0C8}.Debug|Any CPU.ActiveCfg = Debug|Any CPU
		{55AFBB94-07E8-43F5-9C17-AB8F540AA0C8}.Debug|Any CPU.Build.0 = Debug|Any CPU
		{55AFBB94-07E8-43F5-9C17-AB8F540AA0C8}.Release|Any CPU.ActiveCfg = Release|Any CPU
		{55AFBB94-07E8-43F5-9C17-AB8F540AA0C8}.Release|Any CPU.Build.0 = Release|Any CPU
	EndGlobalSection
	GlobalSection(SolutionProperties) = preSolution
		HideSolutionNode = FALSE
	EndGlobalSection
	GlobalSection(ExtensibilityGlobals) = postSolution
		SolutionGuid = {FBCCDFA0-F750-4546-8ACC-7C25D2E62DD1}
	EndGlobalSection
EndGlobal
