
Microsoft Visual Studio Solution File, Format Version 12.00
# Visual Studio Version 17
VisualStudioVersion = 17.3.32922.545
MinimumVisualStudioVersion = 10.0.40219.1
Project("{9A19103F-16F7-4668-BE54-9A1E7A4F7556}") = "thsearch", "thsearch\thsearch.csproj", "{6B348EA6-7F88-4FD6-B5C3-477B6139B547}"
EndProject
Project("{9A19103F-16F7-4668-BE54-9A1E7A4F7556}") = "Tests", "Tests\Tests.csproj", "{B1921D82-4401-46B8-A979-0F3EEE213CEB}"
EndProject
Global
	GlobalSection(SolutionConfigurationPlatforms) = preSolution
		Debug|Any CPU = Debug|Any CPU
		Release|Any CPU = Release|Any CPU
	EndGlobalSection
	GlobalSection(ProjectConfigurationPlatforms) = postSolution
		{6B348EA6-7F88-4FD6-B5C3-477B6139B547}.Debug|Any CPU.ActiveCfg = Debug|Any CPU
		{6B348EA6-7F88-4FD6-B5C3-477B6139B547}.Debug|Any CPU.Build.0 = Debug|Any CPU
		{6B348EA6-7F88-4FD6-B5C3-477B6139B547}.Release|Any CPU.ActiveCfg = Release|Any CPU
		{6B348EA6-7F88-4FD6-B5C3-477B6139B547}.Release|Any CPU.Build.0 = Release|Any CPU
		{B1921D82-4401-46B8-A979-0F3EEE213CEB}.Debug|Any CPU.ActiveCfg = Debug|Any CPU
		{B1921D82-4401-46B8-A979-0F3EEE213CEB}.Debug|Any CPU.Build.0 = Debug|Any CPU
		{B1921D82-4401-46B8-A979-0F3EEE213CEB}.Release|Any CPU.ActiveCfg = Release|Any CPU
		{B1921D82-4401-46B8-A979-0F3EEE213CEB}.Release|Any CPU.Build.0 = Release|Any CPU
	EndGlobalSection
	GlobalSection(SolutionProperties) = preSolution
		HideSolutionNode = FALSE
	EndGlobalSection
	GlobalSection(ExtensibilityGlobals) = postSolution
		SolutionGuid = {FBCCDFA0-F750-4546-8ACC-7C25D2E62DD1}
	EndGlobalSection
EndGlobal
